
Microsoft Visual Studio Solution File, Format Version 12.00
# Visual Studio 15
Project("{FAE04EC0-301F-11D3-BF4B-00C04F79EFBC}") = "OOP_Lab09", "OOP_Lab09\OOP_Lab09.csproj", "{08FACBBA-651D-4E56-A408-4FADA4A2284A}"
EndProject
Global
	GlobalSection(SolutionConfigurationPlatforms) = preSolution
		Debug|x86 = Debug|x86
		Release|x86 = Release|x86
	EndGlobalSection
	GlobalSection(ProjectConfigurationPlatforms) = postSolution
		{08FACBBA-651D-4E56-A408-4FADA4A2284A}.Debug|x86.ActiveCfg = Debug|x86
		{08FACBBA-651D-4E56-A408-4FADA4A2284A}.Debug|x86.Build.0 = Debug|x86
		{08FACBBA-651D-4E56-A408-4FADA4A2284A}.Release|x86.ActiveCfg = Release|x86
		{08FACBBA-651D-4E56-A408-4FADA4A2284A}.Release|x86.Build.0 = Release|x86
	EndGlobalSection
EndGlobal
