
Microsoft Visual Studio Solution File, Format Version 12.00
# Visual Studio 15
Project("{FAE04EC0-301F-11D3-BF4B-00C04F79EFBC}") = "OOP_Lab13", "OOP_Lab13\OOP_Lab13.csproj", "{0C4850B6-355F-4FE3-A728-7A06AED416B9}"
EndProject
Global
	GlobalSection(SolutionConfigurationPlatforms) = preSolution
		Debug|x86 = Debug|x86
		Release|x86 = Release|x86
	EndGlobalSection
	GlobalSection(ProjectConfigurationPlatforms) = postSolution
		{0C4850B6-355F-4FE3-A728-7A06AED416B9}.Debug|x86.ActiveCfg = Debug|x86
		{0C4850B6-355F-4FE3-A728-7A06AED416B9}.Debug|x86.Build.0 = Debug|x86
		{0C4850B6-355F-4FE3-A728-7A06AED416B9}.Release|x86.ActiveCfg = Release|x86
		{0C4850B6-355F-4FE3-A728-7A06AED416B9}.Release|x86.Build.0 = Release|x86
	EndGlobalSection
EndGlobal
