
Microsoft Visual Studio Solution File, Format Version 12.00
# Visual Studio 15
Project("{FAE04EC0-301F-11D3-BF4B-00C04F79EFBC}") = "OOP_Lab14", "OOP_Lab14\OOP_Lab14.csproj", "{B14332B8-7C39-49B2-A73D-449EFB0AD960}"
EndProject
Global
	GlobalSection(SolutionConfigurationPlatforms) = preSolution
		Debug|x86 = Debug|x86
		Release|x86 = Release|x86
	EndGlobalSection
	GlobalSection(ProjectConfigurationPlatforms) = postSolution
		{B14332B8-7C39-49B2-A73D-449EFB0AD960}.Debug|x86.ActiveCfg = Debug|x86
		{B14332B8-7C39-49B2-A73D-449EFB0AD960}.Debug|x86.Build.0 = Debug|x86
		{B14332B8-7C39-49B2-A73D-449EFB0AD960}.Release|x86.ActiveCfg = Release|x86
		{B14332B8-7C39-49B2-A73D-449EFB0AD960}.Release|x86.Build.0 = Release|x86
	EndGlobalSection
EndGlobal
